
Microsoft Visual Studio Solution File, Format Version 12.00
# Visual Studio Version 17
VisualStudioVersion = 17.5.33424.131
MinimumVisualStudioVersion = 10.0.40219.1
Project("{FAE04EC0-301F-11D3-BF4B-00C04F79EFBC}") = "Sorts", "ConsoleApp20\Sorts.csproj", "{3F37D97D-7CC5-499B-94B0-8B4708341854}"
EndProject
Project("{FAE04EC0-301F-11D3-BF4B-00C04F79EFBC}") = "Sorts.Test", "TestProject1\Sorts.Test.csproj", "{4D697133-6DBF-484F-903C-79A3D2F83DF2}"
EndProject
Global
	GlobalSection(SolutionConfigurationPlatforms) = preSolution
		Debug|Any CPU = Debug|Any CPU
		Release|Any CPU = Release|Any CPU
	EndGlobalSection
	GlobalSection(ProjectConfigurationPlatforms) = postSolution
		{3F37D97D-7CC5-499B-94B0-8B4708341854}.Debug|Any CPU.ActiveCfg = Debug|Any CPU
		{3F37D97D-7CC5-499B-94B0-8B4708341854}.Debug|Any CPU.Build.0 = Debug|Any CPU
		{3F37D97D-7CC5-499B-94B0-8B4708341854}.Release|Any CPU.ActiveCfg = Release|Any CPU
		{3F37D97D-7CC5-499B-94B0-8B4708341854}.Release|Any CPU.Build.0 = Release|Any CPU
		{4D697133-6DBF-484F-903C-79A3D2F83DF2}.Debug|Any CPU.ActiveCfg = Debug|Any CPU
		{4D697133-6DBF-484F-903C-79A3D2F83DF2}.Debug|Any CPU.Build.0 = Debug|Any CPU
		{4D697133-6DBF-484F-903C-79A3D2F83DF2}.Release|Any CPU.ActiveCfg = Release|Any CPU
		{4D697133-6DBF-484F-903C-79A3D2F83DF2}.Release|Any CPU.Build.0 = Release|Any CPU
	EndGlobalSection
	GlobalSection(SolutionProperties) = preSolution
		HideSolutionNode = FALSE
	EndGlobalSection
	GlobalSection(ExtensibilityGlobals) = postSolution
		SolutionGuid = {4B5153D3-4642-44A8-86D7-11B961288586}
	EndGlobalSection
EndGlobal
